# THIS IS AN AUTOGENERATED FILE. DO NOT EDIT THIS FILE DIRECTLY.
# yarn lockfile v1


haversine-distance@^1.1.4:
  version "1.1.4"
  resolved "https://registry.yarnpkg.com/haversine-distance/-/haversine-distance-1.1.4.tgz#78578c5623e75f2d791d954ca947731986b95591"
  integrity sha512-ElW49a3HbKhoIlFQ7gGvazYyi9etz5e1hrUDS/Z9MCvtm5iQm1YAvd9Rx8Oy121h+0X7PbsjBBRKDH4Otr0JuA==

heatmap.js@*:
  version "2.0.5"
  resolved "https://registry.yarnpkg.com/heatmap.js/-/heatmap.js-2.0.5.tgz#466d3b86513f5d49112a49d25700ab2730149153"
  integrity sha1-Rm07hlE/XUkRKknSVwCrJzAUkVM=

jquery@^3.2.1, jquery@^3.3.1:
  version "3.3.1"
  resolved "https://registry.yarnpkg.com/jquery/-/jquery-3.3.1.tgz#958ce29e81c9790f31be7792df5d4d95fc57fbca"
  integrity sha512-Ubldcmxp5np52/ENotGxlLe6aGMvmF4R8S6tZjsP6Knsaxd/xp3Zrh50cG93lR6nPXyUFwzN3ZSOQI0wRJNdGg==

leaflet-blurred-location@^1.2.7:
  version "1.2.7"
  resolved "https://registry.yarnpkg.com/leaflet-blurred-location/-/leaflet-blurred-location-1.2.7.tgz#be4a7bbc745fa01985da2aad36e92547ee87de9d"
  integrity sha512-/eckjqt+o4AAoKzROn+Oo/JjD+4HwyFsH4EVS8QW/JgF6/cMz0IVQ1pv0mAoyPIi0+Wv8dzokyuvuqcZFqjm8g==
  dependencies:
    haversine-distance "^1.1.4"
    jquery "^3.2.1"
    leaflet "^1.3.3"

leaflet-environmental-layers@^1.2.4:
  version "1.2.4"
  resolved "https://registry.yarnpkg.com/leaflet-environmental-layers/-/leaflet-environmental-layers-1.2.4.tgz#6e1ad03a4adf3f75b87d6a2bc87514172489b226"
  integrity sha512-/nTy0I9jIHglyPAnPEZ0Upuwxd/hq9z++gcNe99vM9XdCDOV6yLEka97baVahb4Kg11VUmm7qYyO8BdXLdpuAA==
  dependencies:
    jquery "^3.3.1"
    leaflet "^1.3.1"
    leaflet-fullhash "github:sagarpreet-chadha/leaflet-fullHash"
    leaflet-heatmap "1.0.0"
    leaflet-providers "^1.1.17"
    leaflet-spin "1.1.0"

"leaflet-fullhash@github:sagarpreet-chadha/leaflet-fullHash":
  version "1.0.0"
  resolved "https://codeload.github.com/sagarpreet-chadha/leaflet-fullHash/tar.gz/6c547255ef7842281c6af3d6b879a2e994e1c54d"

leaflet-heatmap@1.0.0:
  version "1.0.0"
  resolved "https://registry.yarnpkg.com/leaflet-heatmap/-/leaflet-heatmap-1.0.0.tgz#83cc04249d39ed91526aeaa7d7669bdaa86d6b1f"
  integrity sha1-g8wEJJ057ZFSauqn12ab2qhtax8=
  dependencies:
    heatmap.js "*"
    leaflet "*"

leaflet-providers@^1.1.17:
  version "1.5.0"
  resolved "https://registry.yarnpkg.com/leaflet-providers/-/leaflet-providers-1.5.0.tgz#06d598231ef36f8d0566c219cedf18cef2ff80f5"
  integrity sha512-btncloSyOHrgYNexoz2dRpCl+U9iDQME91RsOWQWNAD9jQUPAkq9mxuTvL/O9VOwrqcEtzhvuHBHIOacJAZDxQ==

leaflet-spin@1.1.0:
  version "1.1.0"
  resolved "https://registry.yarnpkg.com/leaflet-spin/-/leaflet-spin-1.1.0.tgz#7298be3be9ab05b540913d84915d6347f49b1e4e"
  integrity sha1-cpi+O+mrBbVAkT2EkV1jR/SbHk4=
  dependencies:
    spin.js "^2.3.1"

leaflet@*, leaflet@^1.3.1, leaflet@^1.3.3:
  version "1.4.0"
  resolved "https://registry.yarnpkg.com/leaflet/-/leaflet-1.4.0.tgz#d5f56eeb2aa32787c24011e8be4c77e362ae171b"
  integrity sha512-x9j9tGY1+PDLN9pcWTx9/y6C5nezoTMB8BLK5jTakx+H7bPlnbCHfi9Hjg+Qt36sgDz/cb9lrSpNQXmk45Tvhw==

spin.js@^2.3.1:
  version "2.3.2"
  resolved "https://registry.yarnpkg.com/spin.js/-/spin.js-2.3.2.tgz#6caa56d520673450fd5cfbc6971e6d0772c37a1a"
  integrity sha1-bKpW1SBnNFD9XPvGlx5tB3LDeho=
